
Microsoft Visual Studio Solution File, Format Version 12.00
# Visual Studio Version 17
VisualStudioVersion = 17.4.33205.214
MinimumVisualStudioVersion = 10.0.40219.1
Project("{FAE04EC0-301F-11D3-BF4B-00C04F79EFBC}") = "CSharpAssignment", "CSharpAssignment\CSharpAssignment.csproj", "{D555E21F-FB24-412D-A325-22C682735134}"
EndProject
Global
	GlobalSection(SolutionConfigurationPlatforms) = preSolution
		Debug|Any CPU = Debug|Any CPU
		Release|Any CPU = Release|Any CPU
	EndGlobalSection
	GlobalSection(ProjectConfigurationPlatforms) = postSolution
		{D555E21F-FB24-412D-A325-22C682735134}.Debug|Any CPU.ActiveCfg = Debug|Any CPU
		{D555E21F-FB24-412D-A325-22C682735134}.Debug|Any CPU.Build.0 = Debug|Any CPU
		{D555E21F-FB24-412D-A325-22C682735134}.Release|Any CPU.ActiveCfg = Release|Any CPU
		{D555E21F-FB24-412D-A325-22C682735134}.Release|Any CPU.Build.0 = Release|Any CPU
	EndGlobalSection
	GlobalSection(SolutionProperties) = preSolution
		HideSolutionNode = FALSE
	EndGlobalSection
	GlobalSection(ExtensibilityGlobals) = postSolution
		SolutionGuid = {8932B73D-B882-4123-876C-342CD9742944}
	EndGlobalSection
EndGlobal
