
Microsoft Visual Studio Solution File, Format Version 12.00
# Visual Studio Version 17
VisualStudioVersion = 17.4.33205.214
MinimumVisualStudioVersion = 10.0.40219.1
Project("{9A19103F-16F7-4668-BE54-9A1E7A4F7556}") = "CSharpAssignment", "CSharpAssignment\CSharpAssignment.csproj", "{D555E21F-FB24-412D-A325-22C682735134}"
EndProject
Project("{FAE04EC0-301F-11D3-BF4B-00C04F79EFBC}") = "LogicalProgram", "LogicalProgram\LogicalProgram.csproj", "{CD6BF534-6C86-4714-861F-6C522B75ABB4}"
EndProject
Project("{FAE04EC0-301F-11D3-BF4B-00C04F79EFBC}") = "LogicalProgram2", "LogicalProgram2\LogicalProgram2.csproj", "{AFCE6E95-56F2-42E6-800A-F9663C9C9C5C}"
EndProject
Project("{FAE04EC0-301F-11D3-BF4B-00C04F79EFBC}") = "EmployeeProject", "EmployeeProject\EmployeeProject.csproj", "{8B7F2349-BAD1-42E5-ACB9-210106086D25}"
EndProject
Project("{FAE04EC0-301F-11D3-BF4B-00C04F79EFBC}") = "SchoolMangement", "SchoolMangement\SchoolMangement.csproj", "{A048D006-F51C-4BB9-92E7-90861CEDFBDB}"
EndProject
Project("{FAE04EC0-301F-11D3-BF4B-00C04F79EFBC}") = "ShoppingCartProject", "ShoppingCartProject\ShoppingCartProject.csproj", "{62E7CD2C-B8E4-4595-B076-C348CE78E48D}"
EndProject
Project("{FAE04EC0-301F-11D3-BF4B-00C04F79EFBC}") = "SeleniumConcept", "..\..\Selenium Project\SeleniumConcept\SeleniumConcept.csproj", "{B5AFF373-67DA-4773-A1FD-F81E614DE637}"
EndProject
Global
	GlobalSection(SolutionConfigurationPlatforms) = preSolution
		Debug|Any CPU = Debug|Any CPU
		Release|Any CPU = Release|Any CPU
	EndGlobalSection
	GlobalSection(ProjectConfigurationPlatforms) = postSolution
		{D555E21F-FB24-412D-A325-22C682735134}.Debug|Any CPU.ActiveCfg = Debug|Any CPU
		{D555E21F-FB24-412D-A325-22C682735134}.Debug|Any CPU.Build.0 = Debug|Any CPU
		{D555E21F-FB24-412D-A325-22C682735134}.Release|Any CPU.ActiveCfg = Release|Any CPU
		{D555E21F-FB24-412D-A325-22C682735134}.Release|Any CPU.Build.0 = Release|Any CPU
		{CD6BF534-6C86-4714-861F-6C522B75ABB4}.Debug|Any CPU.ActiveCfg = Debug|Any CPU
		{CD6BF534-6C86-4714-861F-6C522B75ABB4}.Debug|Any CPU.Build.0 = Debug|Any CPU
		{CD6BF534-6C86-4714-861F-6C522B75ABB4}.Release|Any CPU.ActiveCfg = Release|Any CPU
		{CD6BF534-6C86-4714-861F-6C522B75ABB4}.Release|Any CPU.Build.0 = Release|Any CPU
		{AFCE6E95-56F2-42E6-800A-F9663C9C9C5C}.Debug|Any CPU.ActiveCfg = Debug|Any CPU
		{AFCE6E95-56F2-42E6-800A-F9663C9C9C5C}.Debug|Any CPU.Build.0 = Debug|Any CPU
		{AFCE6E95-56F2-42E6-800A-F9663C9C9C5C}.Release|Any CPU.ActiveCfg = Release|Any CPU
		{AFCE6E95-56F2-42E6-800A-F9663C9C9C5C}.Release|Any CPU.Build.0 = Release|Any CPU
		{8B7F2349-BAD1-42E5-ACB9-210106086D25}.Debug|Any CPU.ActiveCfg = Debug|Any CPU
		{8B7F2349-BAD1-42E5-ACB9-210106086D25}.Debug|Any CPU.Build.0 = Debug|Any CPU
		{8B7F2349-BAD1-42E5-ACB9-210106086D25}.Release|Any CPU.ActiveCfg = Release|Any CPU
		{8B7F2349-BAD1-42E5-ACB9-210106086D25}.Release|Any CPU.Build.0 = Release|Any CPU
		{A048D006-F51C-4BB9-92E7-90861CEDFBDB}.Debug|Any CPU.ActiveCfg = Debug|Any CPU
		{A048D006-F51C-4BB9-92E7-90861CEDFBDB}.Debug|Any CPU.Build.0 = Debug|Any CPU
		{A048D006-F51C-4BB9-92E7-90861CEDFBDB}.Release|Any CPU.ActiveCfg = Release|Any CPU
		{A048D006-F51C-4BB9-92E7-90861CEDFBDB}.Release|Any CPU.Build.0 = Release|Any CPU
		{62E7CD2C-B8E4-4595-B076-C348CE78E48D}.Debug|Any CPU.ActiveCfg = Debug|Any CPU
		{62E7CD2C-B8E4-4595-B076-C348CE78E48D}.Debug|Any CPU.Build.0 = Debug|Any CPU
		{62E7CD2C-B8E4-4595-B076-C348CE78E48D}.Release|Any CPU.ActiveCfg = Release|Any CPU
		{62E7CD2C-B8E4-4595-B076-C348CE78E48D}.Release|Any CPU.Build.0 = Release|Any CPU
		{B5AFF373-67DA-4773-A1FD-F81E614DE637}.Debug|Any CPU.ActiveCfg = Debug|Any CPU
		{B5AFF373-67DA-4773-A1FD-F81E614DE637}.Debug|Any CPU.Build.0 = Debug|Any CPU
		{B5AFF373-67DA-4773-A1FD-F81E614DE637}.Release|Any CPU.ActiveCfg = Release|Any CPU
		{B5AFF373-67DA-4773-A1FD-F81E614DE637}.Release|Any CPU.Build.0 = Release|Any CPU
	EndGlobalSection
	GlobalSection(SolutionProperties) = preSolution
		HideSolutionNode = FALSE
	EndGlobalSection
	GlobalSection(ExtensibilityGlobals) = postSolution
		SolutionGuid = {8932B73D-B882-4123-876C-342CD9742944}
	EndGlobalSection
EndGlobal
